
Microsoft Visual Studio Solution File, Format Version 12.00
# Visual Studio 2012
Project("{FAE04EC0-301F-11D3-BF4B-00C04F79EFBC}") = "Unity3D Disassembler", "Source\Unity3D Disassembler.csproj", "{0187B4F2-EE4B-419F-8108-80FE3B8876B2}"
EndProject
Global
	GlobalSection(SolutionConfigurationPlatforms) = preSolution
		Debug|Any CPU = Debug|Any CPU
		Release|Any CPU = Release|Any CPU
	EndGlobalSection
	GlobalSection(ProjectConfigurationPlatforms) = postSolution
		{0187B4F2-EE4B-419F-8108-80FE3B8876B2}.Debug|Any CPU.ActiveCfg = Debug|Any CPU
		{0187B4F2-EE4B-419F-8108-80FE3B8876B2}.Debug|Any CPU.Build.0 = Debug|Any CPU
		{0187B4F2-EE4B-419F-8108-80FE3B8876B2}.Release|Any CPU.ActiveCfg = Release|Any CPU
		{0187B4F2-EE4B-419F-8108-80FE3B8876B2}.Release|Any CPU.Build.0 = Release|Any CPU
	EndGlobalSection
	GlobalSection(SolutionProperties) = preSolution
		HideSolutionNode = FALSE
	EndGlobalSection
EndGlobal
